
Microsoft Visual Studio Solution File, Format Version 12.00
# Visual Studio Version 17
VisualStudioVersion = 17.4.33110.190
MinimumVisualStudioVersion = 10.0.40219.1
Project("{FAE04EC0-301F-11D3-BF4B-00C04F79EFBC}") = "E-car", "E-car\E-car.csproj", "{936250B2-AE93-48C0-912D-A444CD57CEF5}"
EndProject
Global
	GlobalSection(SolutionConfigurationPlatforms) = preSolution
		Debug|Any CPU = Debug|Any CPU
		Release|Any CPU = Release|Any CPU
	EndGlobalSection
	GlobalSection(ProjectConfigurationPlatforms) = postSolution
		{936250B2-AE93-48C0-912D-A444CD57CEF5}.Debug|Any CPU.ActiveCfg = Debug|Any CPU
		{936250B2-AE93-48C0-912D-A444CD57CEF5}.Debug|Any CPU.Build.0 = Debug|Any CPU
		{936250B2-AE93-48C0-912D-A444CD57CEF5}.Release|Any CPU.ActiveCfg = Release|Any CPU
		{936250B2-AE93-48C0-912D-A444CD57CEF5}.Release|Any CPU.Build.0 = Release|Any CPU
	EndGlobalSection
	GlobalSection(SolutionProperties) = preSolution
		HideSolutionNode = FALSE
	EndGlobalSection
	GlobalSection(ExtensibilityGlobals) = postSolution
		SolutionGuid = {B8DAD9F6-1360-44A8-8D39-2A0F5F4992AA}
	EndGlobalSection
EndGlobal
